
Microsoft Visual Studio Solution File, Format Version 12.00
# Visual Studio Version 16
VisualStudioVersion = 16.0.30011.22
MinimumVisualStudioVersion = 10.0.40219.1
Project("{FAE04EC0-301F-11D3-BF4B-00C04F79EFBC}") = "RewriteHomework25.05", "RewriteHomework25.05\RewriteHomework25.05.csproj", "{D7A64EF2-A245-49FE-A036-4A427221628A}"
EndProject
Global
	GlobalSection(SolutionConfigurationPlatforms) = preSolution
		Debug|Any CPU = Debug|Any CPU
		Release|Any CPU = Release|Any CPU
	EndGlobalSection
	GlobalSection(ProjectConfigurationPlatforms) = postSolution
		{D7A64EF2-A245-49FE-A036-4A427221628A}.Debug|Any CPU.ActiveCfg = Debug|Any CPU
		{D7A64EF2-A245-49FE-A036-4A427221628A}.Debug|Any CPU.Build.0 = Debug|Any CPU
		{D7A64EF2-A245-49FE-A036-4A427221628A}.Release|Any CPU.ActiveCfg = Release|Any CPU
		{D7A64EF2-A245-49FE-A036-4A427221628A}.Release|Any CPU.Build.0 = Release|Any CPU
	EndGlobalSection
	GlobalSection(SolutionProperties) = preSolution
		HideSolutionNode = FALSE
	EndGlobalSection
	GlobalSection(ExtensibilityGlobals) = postSolution
		SolutionGuid = {009BE1EF-0D84-4E87-899F-628562E73F7F}
	EndGlobalSection
EndGlobal
